[[package]]
name = "certifi"
version = "2021.10.8"
description = "Python package for providing Mozilla's CA Bundle."
category = "main"
optional = false
python-versions = "*"

[[package]]
name = "datadog-api-client"
version = "1.10.0"
description = "Collection of all Datadog Public endpoints"
category = "main"
optional = false
python-versions = ">=3.6"

[package.dependencies]
certifi = "*"
python-dateutil = "*"
six = ">=1.10"
urllib3 = ">=1.15"

[package.extras]
apm = ["ddtrace"]
async = ["aiosonic"]
tests = ["aiosonic", "glom", "flexmock (>=0.10.4)", "freezegun", "jinja2", "pytest", "pytest-bdd (==4.0.2)", "pytest-asyncio", "pytest-randomly", "pytest-recording", "python-dateutil"]

[[package]]
name = "python-dateutil"
version = "2.8.2"
description = "Extensions to the standard Python datetime module"
category = "main"
optional = false
python-versions = "!=3.0.*,!=3.1.*,!=3.2.*,>=2.7"

[package.dependencies]
six = ">=1.5"

[[package]]
name = "six"
version = "1.16.0"
description = "Python 2 and 3 compatibility utilities"
category = "main"
optional = false
python-versions = ">=2.7, !=3.0.*, !=3.1.*, !=3.2.*"

[[package]]
name = "slack-sdk"
version = "3.15.2"
description = "The Slack API Platform SDK for Python"
category = "main"
optional = false
python-versions = ">=3.6.0"

[package.extras]
optional = ["aiodns (>1.0)", "aiohttp (>=3.7.3,<4)", "boto3 (<=2)", "SQLAlchemy (>=1,<2)", "websockets (>=10,<11)", "websocket-client (>=1,<2)"]
testing = ["pytest (>=6.2.5,<7)", "pytest-asyncio (<1)", "Flask-Sockets (>=0.2,<1)", "Flask (>=1,<2)", "Werkzeug (<2)", "itsdangerous (==2.0.1)", "pytest-cov (>=2,<3)", "codecov (>=2,<3)", "flake8 (>=4,<5)", "black (==22.1.0)", "psutil (>=5,<6)", "databases (>=0.5)", "boto3 (<=2)", "moto (>=3,<4)"]

[[package]]
name = "urllib3"
version = "1.26.9"
description = "HTTP library with thread-safe connection pooling, file post, and more."
category = "main"
optional = false
python-versions = ">=2.7, !=3.0.*, !=3.1.*, !=3.2.*, !=3.3.*, !=3.4.*, <4"

[package.extras]
brotli = ["brotlicffi (>=0.8.0)", "brotli (>=1.0.9)", "brotlipy (>=0.6.0)"]
secure = ["pyOpenSSL (>=0.14)", "cryptography (>=1.3.4)", "idna (>=2.0.0)", "certifi", "ipaddress"]
socks = ["PySocks (>=1.5.6,!=1.5.7,<2.0)"]

[metadata]
lock-version = "1.1"
python-versions = "^3.9"
content-hash = "3279c397bdc324862616a93199df196bf87114e77ee1ffdff0d3d48c14d44814"

[metadata.files]
certifi = [
    {file = "certifi-2021.10.8-py2.py3-none-any.whl", hash = "sha256:d62a0163eb4c2344ac042ab2bdf75399a71a2d8c7d47eac2e2ee91b9d6339569"},
    {file = "certifi-2021.10.8.tar.gz", hash = "sha256:78884e7c1d4b00ce3cea67b44566851c4343c120abd683433ce934a68ea58872"},
]
datadog-api-client = [
    {file = "datadog-api-client-1.10.0.tar.gz", hash = "sha256:479de54dd77c5adb5b36991214d732351a9d3730e07e7ff9b659044ad9fa06f8"},
    {file = "datadog_api_client-1.10.0-py3-none-any.whl", hash = "sha256:c3c8cca5a882e1d631c18ddec2485eabff2d84cae9cc971e2e281bf2c1bf6bd4"},
]
python-dateutil = [
    {file = "python-dateutil-2.8.2.tar.gz", hash = "sha256:0123cacc1627ae19ddf3c27a5de5bd67ee4586fbdd6440d9748f8abb483d3e86"},
    {file = "python_dateutil-2.8.2-py2.py3-none-any.whl", hash = "sha256:961d03dc3453ebbc59dbdea9e4e11c5651520a876d0f4db161e8674aae935da9"},
]
six = [
    {file = "six-1.16.0-py2.py3-none-any.whl", hash = "sha256:8abb2f1d86890a2dfb989f9a77cfcfd3e47c2a354b01111771326f8aa26e0254"},
    {file = "six-1.16.0.tar.gz", hash = "sha256:1e61c37477a1626458e36f7b1d82aa5c9b094fa4802892072e49de9c60c4c926"},
]
slack-sdk = [
    {file = "slack_sdk-3.15.2-py2.py3-none-any.whl", hash = "sha256:e1fa26786169176e707676decc287fd9d3d547bbc43c0a1a4f99eb373b07da94"},
    {file = "slack_sdk-3.15.2.tar.gz", hash = "sha256:128f3bb0b5b91454a3d5f140a61f3db370a0e1b50ffe0a8d9e9ebe0e894faed7"},
]
urllib3 = [
    {file = "urllib3-1.26.9-py2.py3-none-any.whl", hash = "sha256:44ece4d53fb1706f667c9bd1c648f5469a2ec925fcf3a776667042d645472c14"},
    {file = "urllib3-1.26.9.tar.gz", hash = "sha256:aabaf16477806a5e1dd19aa41f8c2b7950dd3c746362d7e3223dbe6de6ac448e"},
]
